
Microsoft Visual Studio Solution File, Format Version 12.00
# Visual Studio Version 17
VisualStudioVersion = 17.13.35818.85
MinimumVisualStudioVersion = 10.0.40219.1
Project("{FAE04EC0-301F-11D3-BF4B-00C04F79EFBC}") = "pro2", "pro2\pro2.csproj", "{812C756A-A23F-4008-BE17-661A75BCC852}"
EndProject
Global
	GlobalSection(SolutionConfigurationPlatforms) = preSolution
		Debug|Any CPU = Debug|Any CPU
		Release|Any CPU = Release|Any CPU
	EndGlobalSection
	GlobalSection(ProjectConfigurationPlatforms) = postSolution
		{812C756A-A23F-4008-BE17-661A75BCC852}.Debug|Any CPU.ActiveCfg = Debug|Any CPU
		{812C756A-A23F-4008-BE17-661A75BCC852}.Debug|Any CPU.Build.0 = Debug|Any CPU
		{812C756A-A23F-4008-BE17-661A75BCC852}.Release|Any CPU.ActiveCfg = Release|Any CPU
		{812C756A-A23F-4008-BE17-661A75BCC852}.Release|Any CPU.Build.0 = Release|Any CPU
	EndGlobalSection
	GlobalSection(SolutionProperties) = preSolution
		HideSolutionNode = FALSE
	EndGlobalSection
	GlobalSection(ExtensibilityGlobals) = postSolution
		SolutionGuid = {E0D91007-36E7-4BD5-AC73-E1BB12E01831}
	EndGlobalSection
EndGlobal
